
Microsoft Visual Studio Solution File, Format Version 12.00
# Visual Studio Version 16
VisualStudioVersion = 16.0.29920.165
MinimumVisualStudioVersion = 10.0.40219.1
Project("{FAE04EC0-301F-11D3-BF4B-00C04F79EFBC}") = "UI.Desktop", "UI.Desktop\UI.Desktop.csproj", "{81F3BF81-8745-444D-AB04-0C11454B948A}"
EndProject
Project("{FAE04EC0-301F-11D3-BF4B-00C04F79EFBC}") = "Business.Logic", "Business.Logic\Business.Logic.csproj", "{54FC2EB8-9F48-4FA8-8AE5-C70EB9F0CBB0}"
EndProject
Project("{FAE04EC0-301F-11D3-BF4B-00C04F79EFBC}") = "Business.Entities", "Business.Entities\Business.Entities.csproj", "{6EA21D5D-E0FB-4F4A-9D34-C195976D8B16}"
EndProject
Project("{FAE04EC0-301F-11D3-BF4B-00C04F79EFBC}") = "UI.Web", "UI.Web\UI.Web.csproj", "{BE0347B2-E77C-491D-80D7-C17D007A10B8}"
EndProject
Project("{FAE04EC0-301F-11D3-BF4B-00C04F79EFBC}") = "Data.Database", "Data.Database\Data.Database.csproj", "{18D1C50F-58E0-4D94-B05B-4A95A146E6BB}"
EndProject
Project("{FAE04EC0-301F-11D3-BF4B-00C04F79EFBC}") = "UI.Consola", "UI.Consola\UI.Consola.csproj", "{1E00C3FC-492A-4596-926C-C0846B0C494C}"
EndProject
Global
	GlobalSection(SolutionConfigurationPlatforms) = preSolution
		Debug|Any CPU = Debug|Any CPU
		Release|Any CPU = Release|Any CPU
	EndGlobalSection
	GlobalSection(ProjectConfigurationPlatforms) = postSolution
		{81F3BF81-8745-444D-AB04-0C11454B948A}.Debug|Any CPU.ActiveCfg = Debug|Any CPU
		{81F3BF81-8745-444D-AB04-0C11454B948A}.Debug|Any CPU.Build.0 = Debug|Any CPU
		{81F3BF81-8745-444D-AB04-0C11454B948A}.Release|Any CPU.ActiveCfg = Release|Any CPU
		{81F3BF81-8745-444D-AB04-0C11454B948A}.Release|Any CPU.Build.0 = Release|Any CPU
		{54FC2EB8-9F48-4FA8-8AE5-C70EB9F0CBB0}.Debug|Any CPU.ActiveCfg = Debug|Any CPU
		{54FC2EB8-9F48-4FA8-8AE5-C70EB9F0CBB0}.Debug|Any CPU.Build.0 = Debug|Any CPU
		{54FC2EB8-9F48-4FA8-8AE5-C70EB9F0CBB0}.Release|Any CPU.ActiveCfg = Release|Any CPU
		{54FC2EB8-9F48-4FA8-8AE5-C70EB9F0CBB0}.Release|Any CPU.Build.0 = Release|Any CPU
		{6EA21D5D-E0FB-4F4A-9D34-C195976D8B16}.Debug|Any CPU.ActiveCfg = Debug|Any CPU
		{6EA21D5D-E0FB-4F4A-9D34-C195976D8B16}.Debug|Any CPU.Build.0 = Debug|Any CPU
		{6EA21D5D-E0FB-4F4A-9D34-C195976D8B16}.Release|Any CPU.ActiveCfg = Release|Any CPU
		{6EA21D5D-E0FB-4F4A-9D34-C195976D8B16}.Release|Any CPU.Build.0 = Release|Any CPU
		{BE0347B2-E77C-491D-80D7-C17D007A10B8}.Debug|Any CPU.ActiveCfg = Debug|Any CPU
		{BE0347B2-E77C-491D-80D7-C17D007A10B8}.Debug|Any CPU.Build.0 = Debug|Any CPU
		{BE0347B2-E77C-491D-80D7-C17D007A10B8}.Release|Any CPU.ActiveCfg = Release|Any CPU
		{BE0347B2-E77C-491D-80D7-C17D007A10B8}.Release|Any CPU.Build.0 = Release|Any CPU
		{18D1C50F-58E0-4D94-B05B-4A95A146E6BB}.Debug|Any CPU.ActiveCfg = Debug|Any CPU
		{18D1C50F-58E0-4D94-B05B-4A95A146E6BB}.Debug|Any CPU.Build.0 = Debug|Any CPU
		{18D1C50F-58E0-4D94-B05B-4A95A146E6BB}.Release|Any CPU.ActiveCfg = Release|Any CPU
		{18D1C50F-58E0-4D94-B05B-4A95A146E6BB}.Release|Any CPU.Build.0 = Release|Any CPU
		{1E00C3FC-492A-4596-926C-C0846B0C494C}.Debug|Any CPU.ActiveCfg = Debug|Any CPU
		{1E00C3FC-492A-4596-926C-C0846B0C494C}.Debug|Any CPU.Build.0 = Debug|Any CPU
		{1E00C3FC-492A-4596-926C-C0846B0C494C}.Release|Any CPU.ActiveCfg = Release|Any CPU
		{1E00C3FC-492A-4596-926C-C0846B0C494C}.Release|Any CPU.Build.0 = Release|Any CPU
	EndGlobalSection
	GlobalSection(SolutionProperties) = preSolution
		HideSolutionNode = FALSE
	EndGlobalSection
	GlobalSection(ExtensibilityGlobals) = postSolution
		SolutionGuid = {DC71B0D9-778C-487D-9845-0443347B4040}
	EndGlobalSection
EndGlobal
